
Microsoft Visual Studio Solution File, Format Version 12.00
# Visual Studio 15
VisualStudioVersion = 15.0.28307.757
MinimumVisualStudioVersion = 10.0.40219.1
Project("{159641D6-6404-4A2A-AE62-294DE0FE8301}") = "WayneWangInfo498Final", "WayneWangInfo498Final\WayneWangInfo498Final.dtproj", "{B5FCC129-EC5B-45F0-9F62-2AD18D529674}"
EndProject
Project("{2150E333-8FDC-42A3-9474-1A3956D46DE8}") = "Databases", "Databases", "{F01FF05C-EC16-4673-8436-38B4D55498EA}"
	ProjectSection(SolutionItems) = preProject
		Databases\Create DWClinicReportData.sql = Databases\Create DWClinicReportData.sql
		Databases\DoctorsSchedules.mdf = Databases\DoctorsSchedules.mdf
		Databases\Patients.mdf = Databases\Patients.mdf
	EndProjectSection
EndProject
Project("{2150E333-8FDC-42A3-9474-1A3956D46DE8}") = "DataFiles", "DataFiles", "{BE3AD5FE-B728-4647-A6F4-5AD30C7C8378}"
EndProject
Project("{2150E333-8FDC-42A3-9474-1A3956D46DE8}") = "Documents", "Documents", "{D91646E8-1D1F-4D3D-86AA-5AC43C9EA856}"
	ProjectSection(SolutionItems) = preProject
		Documents\BISolutionWorksheets.xlsx = Documents\BISolutionWorksheets.xlsx
		Documents\Final Checklist.xlsx = Documents\Final Checklist.xlsx
		Documents\Final.pptx = Documents\Final.pptx
		Documents\INFO 498 Final.doc = Documents\INFO 498 Final.doc
		Documents\Lessons Learned.docx = Documents\Lessons Learned.docx
		Documents\Technical Overview.docx = Documents\Technical Overview.docx
	EndProjectSection
EndProject
Project("{2150E333-8FDC-42A3-9474-1A3956D46DE8}") = "SQLCode", "SQLCode", "{87E07FF5-7449-45D5-9E5A-B1F140093563}"
	ProjectSection(SolutionItems) = preProject
		SQLCode\Backup Final Databases Job Script.sql = SQLCode\Backup Final Databases Job Script.sql
		SQLCode\Backup Final Databases Stored Procedures.sql = SQLCode\Backup Final Databases Stored Procedures.sql
		SQLCode\File To OLTP Database ETL Script.sql = SQLCode\File To OLTP Database ETL Script.sql
		SQLCode\OLTP To DW Database ETL Script.sql = SQLCode\OLTP To DW Database ETL Script.sql
	EndProjectSection
EndProject
Project("{2150E333-8FDC-42A3-9474-1A3956D46DE8}") = "Bellevue", "Bellevue", "{A7656220-02FC-4364-A8C4-62D2FFA38B03}"
	ProjectSection(SolutionItems) = preProject
		DataFiles\Bellevue\20100102Visits.csv = DataFiles\Bellevue\20100102Visits.csv
	EndProjectSection
EndProject
Project("{2150E333-8FDC-42A3-9474-1A3956D46DE8}") = "Kirkland", "Kirkland", "{DAE86253-3812-4B52-A3F6-FAB66078C9D1}"
	ProjectSection(SolutionItems) = preProject
		DataFiles\Kirkland\20100102Visits.csv = DataFiles\Kirkland\20100102Visits.csv
	EndProjectSection
EndProject
Project("{2150E333-8FDC-42A3-9474-1A3956D46DE8}") = "Redmond", "Redmond", "{3001231B-88EF-4E39-A2C8-0437C7E90FC1}"
	ProjectSection(SolutionItems) = preProject
		DataFiles\Redmond\20100102Visits.csv = DataFiles\Redmond\20100102Visits.csv
	EndProjectSection
EndProject
Global
	GlobalSection(SolutionConfigurationPlatforms) = preSolution
		Development|Default = Development|Default
	EndGlobalSection
	GlobalSection(ProjectConfigurationPlatforms) = postSolution
		{B5FCC129-EC5B-45F0-9F62-2AD18D529674}.Development|Default.ActiveCfg = Development
		{B5FCC129-EC5B-45F0-9F62-2AD18D529674}.Development|Default.Build.0 = Development
	EndGlobalSection
	GlobalSection(SolutionProperties) = preSolution
		HideSolutionNode = FALSE
	EndGlobalSection
	GlobalSection(NestedProjects) = preSolution
		{A7656220-02FC-4364-A8C4-62D2FFA38B03} = {BE3AD5FE-B728-4647-A6F4-5AD30C7C8378}
		{DAE86253-3812-4B52-A3F6-FAB66078C9D1} = {BE3AD5FE-B728-4647-A6F4-5AD30C7C8378}
		{3001231B-88EF-4E39-A2C8-0437C7E90FC1} = {BE3AD5FE-B728-4647-A6F4-5AD30C7C8378}
	EndGlobalSection
	GlobalSection(ExtensibilityGlobals) = postSolution
		SolutionGuid = {6DEB059A-0BBF-4C5C-9D14-673BD3DA29B7}
	EndGlobalSection
EndGlobal
